// !$*UTF8*$!
{
	archiveVersion = 1;
	classes = {
	};
	objectVersion = 50;
	objects = {

/* Begin PBXBuildFile section */
		A744C84323639B11000758EE /* AppDelegate.swift in Sources */ = {isa = PBXBuildFile; fileRef = A744C84223639B11000758EE /* AppDelegate.swift */; };
		A744C84523639B11000758EE /* SceneDelegate.swift in Sources */ = {isa = PBXBuildFile; fileRef = A744C84423639B11000758EE /* SceneDelegate.swift */; };
		A744C84723639B11000758EE /* ViewController.swift in Sources */ = {isa = PBXBuildFile; fileRef = A744C84623639B11000758EE /* ViewController.swift */; };
		A744C84A23639B11000758EE /* Main.storyboard in Resources */ = {isa = PBXBuildFile; fileRef = A744C84823639B11000758EE /* Main.storyboard */; };
		A744C84D23639B11000758EE /* Ieatfood.xcdatamodeld in Sources */ = {isa = PBXBuildFile; fileRef = A744C84B23639B11000758EE /* Ieatfood.xcdatamodeld */; };
		A744C84F23639B12000758EE /* Assets.xcassets in Resources */ = {isa = PBXBuildFile; fileRef = A744C84E23639B12000758EE /* Assets.xcassets */; };
		A744C85223639B12000758EE /* LaunchScreen.storyboard in Resources */ = {isa = PBXBuildFile; fileRef = A744C85023639B12000758EE /* LaunchScreen.storyboard */; };
		A7C82C65236BB88A00B1FEFD /* rainbowfood.jpg in Resources */ = {isa = PBXBuildFile; fileRef = A7C82C64236BB88900B1FEFD /* rainbowfood.jpg */; };
		A7C82C67236BC1CF00B1FEFD /* createpage.swift in Sources */ = {isa = PBXBuildFile; fileRef = A7C82C66236BC1CF00B1FEFD /* createpage.swift */; };
/* End PBXBuildFile section */

/* Begin PBXFileReference section */
		A744C83F23639B11000758EE /* Ieatfood.app */ = {isa = PBXFileReference; explicitFileType = wrapper.application; includeInIndex = 0; path = Ieatfood.app; sourceTree = BUILT_PRODUCTS_DIR; };
		A744C84223639B11000758EE /* AppDelegate.swift */ = {isa = PBXFileReference; lastKnownFileType = sourcecode.swift; path = AppDelegate.swift; sourceTree = "<group>"; };
		A744C84423639B11000758EE /* SceneDelegate.swift */ = {isa = PBXFileReference; lastKnownFileType = sourcecode.swift; path = SceneDelegate.swift; sourceTree = "<group>"; };
		A744C84623639B11000758EE /* ViewController.swift */ = {isa = PBXFileReference; lastKnownFileType = sourcecode.swift; path = ViewController.swift; sourceTree = "<group>"; };
		A744C84923639B11000758EE /* Base */ = {isa = PBXFileReference; lastKnownFileType = file.storyboard; name = Base; path = Base.lproj/Main.storyboard; sourceTree = "<group>"; };
		A744C84C23639B11000758EE /* Ieatfood.xcdatamodel */ = {isa = PBXFileReference; lastKnownFileType = wrapper.xcdatamodel; path = Ieatfood.xcdatamodel; sourceTree = "<group>"; };
		A744C84E23639B12000758EE /* Assets.xcassets */ = {isa = PBXFileReference; lastKnownFileType = folder.assetcatalog; path = Assets.xcassets; sourceTree = "<group>"; };
		A744C85123639B12000758EE /* Base */ = {isa = PBXFileReference; lastKnownFileType = file.storyboard; name = Base; path = Base.lproj/LaunchScreen.storyboard; sourceTree = "<group>"; };
		A744C85323639B12000758EE /* Info.plist */ = {isa = PBXFileReference; lastKnownFileType = text.plist.xml; path = Info.plist; sourceTree = "<group>"; };
		A7C82C64236BB88900B1FEFD /* rainbowfood.jpg */ = {isa = PBXFileReference; lastKnownFileType = image.jpeg; name = rainbowfood.jpg; path = ../../bands/rainbowfood.jpg; sourceTree = "<group>"; };
		A7C82C66236BC1CF00B1FEFD /* createpage.swift */ = {isa = PBXFileReference; lastKnownFileType = sourcecode.swift; path = createpage.swift; sourceTree = "<group>"; };
/* End PBXFileReference section */

/* Begin PBXFrameworksBuildPhase section */
		A744C83C23639B11000758EE /* Frameworks */ = {
			isa = PBXFrameworksBuildPhase;
			buildActionMask = 2147483647;
			files = (
			);
			runOnlyForDeploymentPostprocessing = 0;
		};
/* End PBXFrameworksBuildPhase section */

/* Begin PBXGroup section */
		A744C83623639B11000758EE = {
			isa = PBXGroup;
			children = (
				A7C82C66236BC1CF00B1FEFD /* createpage.swift */,
				A7C82C63236BB87700B1FEFD /* photos */,
				A744C84123639B11000758EE /* Ieatfood */,
				A744C84023639B11000758EE /* Products */,
			);
			sourceTree = "<group>";
		};
		A744C84023639B11000758EE /* Products */ = {
			isa = PBXGroup;
			children = (
				A744C83F23639B11000758EE /* Ieatfood.app */,
			);
			name = Products;
			sourceTree = "<group>";
		};
		A744C84123639B11000758EE /* Ieatfood */ = {
			isa = PBXGroup;
			children = (
				A744C84223639B11000758EE /* AppDelegate.swift */,
				A744C84423639B11000758EE /* SceneDelegate.swift */,
				A744C84623639B11000758EE /* ViewController.swift */,
				A744C84823639B11000758EE /* Main.storyboard */,
				A744C84E23639B12000758EE /* Assets.xcassets */,
				A744C85023639B12000758EE /* LaunchScreen.storyboard */,
				A744C85323639B12000758EE /* Info.plist */,
				A744C84B23639B11000758EE /* Ieatfood.xcdatamodeld */,
			);
			path = Ieatfood;
			sourceTree = "<group>";
		};
		A7C82C63236BB87700B1FEFD /* photos */ = {
			isa = PBXGroup;
			children = (
				A7C82C64236BB88900B1FEFD /* rainbowfood.jpg */,
			);
			path = photos;
			sourceTree = "<group>";
		};
/* End PBXGroup section */

/* Begin PBXNativeTarget section */
		A744C83E23639B11000758EE /* Ieatfood */ = {
			isa = PBXNativeTarget;
			buildConfigurationList = A744C85623639B12000758EE /* Build configuration list for PBXNativeTarget "Ieatfood" */;
			buildPhases = (
				A744C83B23639B11000758EE /* Sources */,
				A744C83C23639B11000758EE /* Frameworks */,
				A744C83D23639B11000758EE /* Resources */,
			);
			buildRules = (
			);
			dependencies = (
			);
			name = Ieatfood;
			productName = Ieatfood;
			productReference = A744C83F23639B11000758EE /* Ieatfood.app */;
			productType = "com.apple.product-type.application";
		};
/* End PBXNativeTarget section */

/* Begin PBXProject section */
		A744C83723639B11000758EE /* Project object */ = {
			isa = PBXProject;
			attributes = {
				LastSwiftUpdateCheck = 1110;
				LastUpgradeCheck = 1110;
				ORGANIZATIONNAME = "Grant Sundstrom";
				TargetAttributes = {
					A744C83E23639B11000758EE = {
						CreatedOnToolsVersion = 11.1;
					};
				};
			};
			buildConfigurationList = A744C83A23639B11000758EE /* Build configuration list for PBXProject "Ieatfood" */;
			compatibilityVersion = "Xcode 9.3";
			developmentRegion = en;
			hasScannedForEncodings = 0;
			knownRegions = (
				en,
				Base,
			);
			mainGroup = A744C83623639B11000758EE;
			productRefGroup = A744C84023639B11000758EE /* Products */;
			projectDirPath = "";
			projectRoot = "";
			targets = (
				A744C83E23639B11000758EE /* Ieatfood */,
			);
		};
/* End PBXProject section */

/* Begin PBXResourcesBuildPhase section */
		A744C83D23639B11000758EE /* Resources */ = {
			isa = PBXResourcesBuildPhase;
			buildActionMask = 2147483647;
			files = (
				A7C82C65236BB88A00B1FEFD /* rainbowfood.jpg in Resources */,
				A744C85223639B12000758EE /* LaunchScreen.storyboard in Resources */,
				A744C84F23639B12000758EE /* Assets.xcassets in Resources */,
				A744C84A23639B11000758EE /* Main.storyboard in Resources */,
			);
			runOnlyForDeploymentPostprocessing = 0;
		};
/* End PBXResourcesBuildPhase section */

/* Begin PBXSourcesBuildPhase section */
		A744C83B23639B11000758EE /* Sources */ = {
			isa = PBXSourcesBuildPhase;
			buildActionMask = 2147483647;
			files = (
				A744C84D23639B11000758EE /* Ieatfood.xcdatamodeld in Sources */,
				A744C84723639B11000758EE /* ViewController.swift in Sources */,
				A7C82C67236BC1CF00B1FEFD /* createpage.swift in Sources */,
				A744C84323639B11000758EE /* AppDelegate.swift in Sources */,
				A744C84523639B11000758EE /* SceneDelegate.swift in Sources */,
			);
			runOnlyForDeploymentPostprocessing = 0;
		};
/* End PBXSourcesBuildPhase section */

/* Begin PBXVariantGroup section */
		A744C84823639B11000758EE /* Main.storyboard */ = {
			isa = PBXVariantGroup;
			children = (
				A744C84923639B11000758EE /* Base */,
			);
			name = Main.storyboard;
			sourceTree = "<group>";
		};
		A744C85023639B12000758EE /* LaunchScreen.storyboard */ = {
			isa = PBXVariantGroup;
			children = (
				A744C85123639B12000758EE /* Base */,
			);
			name = LaunchScreen.storyboard;
			sourceTree = "<group>";
		};
/* End PBXVariantGroup section */

/* Begin XCBuildConfiguration section */
		A744C85423639B12000758EE /* Debug */ = {
			isa = XCBuildConfiguration;
			buildSettings = {
				ALWAYS_SEARCH_USER_PATHS = NO;
				CLANG_ANALYZER_NONNULL = YES;
				CLANG_ANALYZER_NUMBER_OBJECT_CONVERSION = YES_AGGRESSIVE;
				CLANG_CXX_LANGUAGE_STANDARD = "gnu++14";
				CLANG_CXX_LIBRARY = "libc++";
				CLANG_ENABLE_MODULES = YES;
				CLANG_ENABLE_OBJC_ARC = YES;
				CLANG_ENABLE_OBJC_WEAK = YES;
				CLANG_WARN_BLOCK_CAPTURE_AUTORELEASING = YES;
				CLANG_WARN_BOOL_CONVERSION = YES;
				CLANG_WARN_COMMA = YES;
				CLANG_WARN_CONSTANT_CONVERSION = YES;
				CLANG_WARN_DEPRECATED_OBJC_IMPLEMENTATIONS = YES;
				CLANG_WARN_DIRECT_OBJC_ISA_USAGE = YES_ERROR;
				CLANG_WARN_DOCUMENTATION_COMMENTS = YES;
				CLANG_WARN_EMPTY_BODY = YES;
				CLANG_WARN_ENUM_CONVERSION = YES;
				CLANG_WARN_INFINITE_RECURSION = YES;
				CLANG_WARN_INT_CONVERSION = YES;
				CLANG_WARN_NON_LITERAL_NULL_CONVERSION = YES;
				CLANG_WARN_OBJC_IMPLICIT_RETAIN_SELF = YES;
				CLANG_WARN_OBJC_LITERAL_CONVERSION = YES;
				CLANG_WARN_OBJC_ROOT_CLASS = YES_ERROR;
				CLANG_WARN_RANGE_LOOP_ANALYSIS = YES;
				CLANG_WARN_STRICT_PROTOTYPES = YES;
				CLANG_WARN_SUSPICIOUS_MOVE = YES;
				CLANG_WARN_UNGUARDED_AVAILABILITY = YES_AGGRESSIVE;
				CLANG_WARN_UNREACHABLE_CODE = YES;
				CLANG_WARN__DUPLICATE_METHOD_MATCH = YES;
				COPY_PHASE_STRIP = NO;
				DEBUG_INFORMATION_FORMAT = dwarf;
				ENABLE_STRICT_OBJC_MSGSEND = YES;
				ENABLE_TESTABILITY = YES;
				GCC_C_LANGUAGE_STANDARD = gnu11;
				GCC_DYNAMIC_NO_PIC = NO;
				GCC_NO_COMMON_BLOCKS = YES;
				GCC_OPTIMIZATION_LEVEL = 0;
				GCC_PREPROCESSOR_DEFINITIONS = (
					"DEBUG=1",
					"$(inherited)",
				);
				GCC_WARN_64_TO_32_BIT_CONVERSION = YES;
				GCC_WARN_ABOUT_RETURN_TYPE = YES_ERROR;
				GCC_WARN_UNDECLARED_SELECTOR = YES;
				GCC_WARN_UNINITIALIZED_AUTOS = YES_AGGRESSIVE;
				GCC_WARN_UNUSED_FUNCTION = YES;
				GCC_WARN_UNUSED_VARIABLE = YES;
				IPHONEOS_DEPLOYMENT_TARGET = 13.1;
				MTL_ENABLE_DEBUG_INFO = INCLUDE_SOURCE;
				MTL_FAST_MATH = YES;
				ONLY_ACTIVE_ARCH = YES;
				SDKROOT = iphoneos;
				SWIFT_ACTIVE_COMPILATION_CONDITIONS = DEBUG;
				SWIFT_OPTIMIZATION_LEVEL = "-Onone";
			};
			name = Debug;
		};
		A744C85523639B12000758EE /* Release */ = {
			isa = XCBuildConfiguration;
			buildSettings = {
				ALWAYS_SEARCH_USER_PATHS = NO;
				CLANG_ANALYZER_NONNULL = YES;
				CLANG_ANALYZER_NUMBER_OBJECT_CONVERSION = YES_AGGRESSIVE;
				CLANG_CXX_LANGUAGE_STANDARD = "gnu++14";
				CLANG_CXX_LIBRARY = "libc++";
				CLANG_ENABLE_MODULES = YES;
				CLANG_ENABLE_OBJC_ARC = YES;
				CLANG_ENABLE_OBJC_WEAK = YES;
				CLANG_WARN_BLOCK_CAPTURE_AUTORELEASING = YES;
				CLANG_WARN_BOOL_CONVERSION = YES;
				CLANG_WARN_COMMA = YES;
				CLANG_WARN_CONSTANT_CONVERSION = YES;
				CLANG_WARN_DEPRECATED_OBJC_IMPLEMENTATIONS = YES;
				CLANG_WARN_DIRECT_OBJC_ISA_USAGE = YES_ERROR;
				CLANG_WARN_DOCUMENTATION_COMMENTS = YES;
				CLANG_WARN_EMPTY_BODY = YES;
				CLANG_WARN_ENUM_CONVERSION = YES;
				CLANG_WARN_INFINITE_RECURSION = YES;
				CLANG_WARN_INT_CONVERSION = YES;
				CLANG_WARN_NON_LITERAL_NULL_CONVERSION = YES;
				CLANG_WARN_OBJC_IMPLICIT_RETAIN_SELF = YES;
				CLANG_WARN_OBJC_LITERAL_CONVERSION = YES;
				CLANG_WARN_OBJC_ROOT_CLASS = YES_ERROR;
				CLANG_WARN_RANGE_LOOP_ANALYSIS = YES;
				CLANG_WARN_STRICT_PROTOTYPES = YES;
				CLANG_WARN_SUSPICIOUS_MOVE = YES;
				CLANG_WARN_UNGUARDED_AVAILABILITY = YES_AGGRESSIVE;
				CLANG_WARN_UNREACHABLE_CODE = YES;
				CLANG_WARN__DUPLICATE_METHOD_MATCH = YES;
				COPY_PHASE_STRIP = NO;
				DEBUG_INFORMATION_FORMAT = "dwarf-with-dsym";
				ENABLE_NS_ASSERTIONS = NO;
				ENABLE_STRICT_OBJC_MSGSEND = YES;
				GCC_C_LANGUAGE_STANDARD = gnu11;
				GCC_NO_COMMON_BLOCKS = YES;
				GCC_WARN_64_TO_32_BIT_CONVERSION = YES;
				GCC_WARN_ABOUT_RETURN_TYPE = YES_ERROR;
				GCC_WARN_UNDECLARED_SELECTOR = YES;
				GCC_WARN_UNINITIALIZED_AUTOS = YES_AGGRESSIVE;
				GCC_WARN_UNUSED_FUNCTION = YES;
				GCC_WARN_UNUSED_VARIABLE = YES;
				IPHONEOS_DEPLOYMENT_TARGET = 13.1;
				MTL_ENABLE_DEBUG_INFO = NO;
				MTL_FAST_MATH = YES;
				SDKROOT = iphoneos;
				SWIFT_COMPILATION_MODE = wholemodule;
				SWIFT_OPTIMIZATION_LEVEL = "-O";
				VALIDATE_PRODUCT = YES;
			};
			name = Release;
		};
		A744C85723639B12000758EE /* Debug */ = {
			isa = XCBuildConfiguration;
			buildSettings = {
				ASSETCATALOG_COMPILER_APPICON_NAME = AppIcon;
				CODE_SIGN_STYLE = Automatic;
				DEVELOPMENT_TEAM = KW8U4PR7SB;
				INFOPLIST_FILE = Ieatfood/Info.plist;
				LD_RUNPATH_SEARCH_PATHS = (
					"$(inherited)",
					"@executable_path/Frameworks",
				);
				PRODUCT_BUNDLE_IDENTIFIER = edu.rockvalleycollege.Ieatfood;
				PRODUCT_NAME = "$(TARGET_NAME)";
				SWIFT_VERSION = 5.0;
				TARGETED_DEVICE_FAMILY = "1,2";
			};
			name = Debug;
		};
		A744C85823639B12000758EE /* Release */ = {
			isa = XCBuildConfiguration;
			buildSettings = {
				ASSETCATALOG_COMPILER_APPICON_NAME = AppIcon;
				CODE_SIGN_STYLE = Automatic;
				DEVELOPMENT_TEAM = KW8U4PR7SB;
				INFOPLIST_FILE = Ieatfood/Info.plist;
				LD_RUNPATH_SEARCH_PATHS = (
					"$(inherited)",
					"@executable_path/Frameworks",
				);
				PRODUCT_BUNDLE_IDENTIFIER = edu.rockvalleycollege.Ieatfood;
				PRODUCT_NAME = "$(TARGET_NAME)";
				SWIFT_VERSION = 5.0;
				TARGETED_DEVICE_FAMILY = "1,2";
			};
			name = Release;
		};
/* End XCBuildConfiguration section */

/* Begin XCConfigurationList section */
		A744C83A23639B11000758EE /* Build configuration list for PBXProject "Ieatfood" */ = {
			isa = XCConfigurationList;
			buildConfigurations = (
				A744C85423639B12000758EE /* Debug */,
				A744C85523639B12000758EE /* Release */,
			);
			defaultConfigurationIsVisible = 0;
			defaultConfigurationName = Release;
		};
		A744C85623639B12000758EE /* Build configuration list for PBXNativeTarget "Ieatfood" */ = {
			isa = XCConfigurationList;
			buildConfigurations = (
				A744C85723639B12000758EE /* Debug */,
				A744C85823639B12000758EE /* Release */,
			);
			defaultConfigurationIsVisible = 0;
			defaultConfigurationName = Release;
		};
/* End XCConfigurationList section */

/* Begin XCVersionGroup section */
		A744C84B23639B11000758EE /* Ieatfood.xcdatamodeld */ = {
			isa = XCVersionGroup;
			children = (
				A744C84C23639B11000758EE /* Ieatfood.xcdatamodel */,
			);
			currentVersion = A744C84C23639B11000758EE /* Ieatfood.xcdatamodel */;
			path = Ieatfood.xcdatamodeld;
			sourceTree = "<group>";
			versionGroupType = wrapper.xcdatamodel;
		};
/* End XCVersionGroup section */
	};
	rootObject = A744C83723639B11000758EE /* Project object */;
}
